<?xml version="1.0" encoding="utf-8"?>
<Project ToolsVersion="4.0" xmlns="http://schemas.microsoft.com/developer/msbuild/2003">
  <ItemGroup>
    <Filter Include="Source Files">
      <UniqueIdentifier>{4FC737F1-C7A5-4376-A066-2A32D752A2FF}</UniqueIdentifier>
      <Extensions>cpp;c;cc;cxx;c++;cppm;ixx;def;odl;idl;hpj;bat;asm;asmx</Extensions>
    </Filter>
    <Filter Include="Header Files">
      <UniqueIdentifier>{93995380-89BD-4b04-88EB-625FBE52EBFB}</UniqueIdentifier>
      <Extensions>h;hh;hpp;hxx;h++;hm;inl;inc;ipp;xsd</Extensions>
    </Filter>
    <Filter Include="Resource Files">
      <UniqueIdentifier>{67DA6AB6-F800-4c08-8B7A-83BB121AAD01}</UniqueIdentifier>
      <Extensions>rc;ico;cur;bmp;dlg;rc2;rct;bin;rgs;gif;jpg;jpeg;jpe;resx;tiff;tif;png;wav;mfcribbon-ms</Extensions>
    </Filter>
    <Filter Include="shaders">
      <UniqueIdentifier>{199f7112-a4c0-47d3-8f65-93bae002779e}</UniqueIdentifier>
    </Filter>
    <Filter Include="STRUCTURE">
      <UniqueIdentifier>{417f74f9-2e29-46aa-9ea2-694e0205711c}</UniqueIdentifier>
    </Filter>
    <Filter Include="Header Files\shapes">
      <UniqueIdentifier>{c8ca7c24-83d6-4644-be9e-fae81d650af4}</UniqueIdentifier>
    </Filter>
    <Filter Include="Source Files\shapes">
      <UniqueIdentifier>{8e0899e9-2e6d-4f2d-aada-f47913b37971}</UniqueIdentifier>
    </Filter>
    <Filter Include="Header Files\entities">
      <UniqueIdentifier>{c4a40511-6fd1-41e9-a526-9140e7bc2faa}</UniqueIdentifier>
    </Filter>
    <Filter Include="Source Files\entities">
      <UniqueIdentifier>{7206ef48-dd69-4561-a681-3d8993530897}</UniqueIdentifier>
    </Filter>
    <Filter Include="Header Files\blocks">
      <UniqueIdentifier>{afe5f3e3-166d-41a1-997f-3547045a1b9f}</UniqueIdentifier>
    </Filter>
    <Filter Include="Source Files\blocks">
      <UniqueIdentifier>{87ec3e02-3e63-48ad-8d39-1e37b1e2b669}</UniqueIdentifier>
    </Filter>
    <Filter Include="Header Files\entities\enemies">
      <UniqueIdentifier>{0021ddd3-adeb-4f05-9017-ae10177af0ee}</UniqueIdentifier>
    </Filter>
  </ItemGroup>
  <ItemGroup>
    <ClCompile Include="Source.cpp">
      <Filter>Source Files</Filter>
    </ClCompile>
    <ClCompile Include="window.cpp">
      <Filter>Source Files</Filter>
    </ClCompile>
    <ClCompile Include="glad.c">
      <Filter>Source Files</Filter>
    </ClCompile>
    <ClCompile Include="shader.cpp">
      <Filter>Source Files</Filter>
    </ClCompile>
    <ClCompile Include="camera.cpp">
      <Filter>Source Files</Filter>
    </ClCompile>
    <ClCompile Include="object.cpp">
      <Filter>Source Files</Filter>
    </ClCompile>
    <ClCompile Include="textureArray.cpp">
      <Filter>Source Files</Filter>
    </ClCompile>
    <ClCompile Include="font.cpp">
      <Filter>Source Files</Filter>
    </ClCompile>
    <ClCompile Include="text.cpp">
      <Filter>Source Files</Filter>
    </ClCompile>
    <ClCompile Include="debug.cpp">
      <Filter>Source Files</Filter>
    </ClCompile>
    <ClCompile Include="utils.cpp">
      <Filter>Source Files</Filter>
    </ClCompile>
    <ClCompile Include="rectangle.cpp">
      <Filter>Source Files\shapes</Filter>
    </ClCompile>
    <ClCompile Include="handler.cpp">
      <Filter>Source Files</Filter>
    </ClCompile>
    <ClCompile Include="entity.cpp">
      <Filter>Source Files\entities</Filter>
    </ClCompile>
    <ClCompile Include="player.cpp">
      <Filter>Source Files\entities</Filter>
    </ClCompile>
    <ClCompile Include="basicBlock.cpp">
      <Filter>Source Files\blocks</Filter>
    </ClCompile>
    <ClCompile Include="batch.cpp">
      <Filter>Source Files</Filter>
    </ClCompile>
    <ClCompile Include="initTextures.cpp">
      <Filter>Source Files</Filter>
    </ClCompile>
    <ClCompile Include="animation.cpp">
      <Filter>Source Files</Filter>
    </ClCompile>
    <ClCompile Include="input.cpp">
      <Filter>Source Files</Filter>
    </ClCompile>
    <ClCompile Include="map.cpp">
      <Filter>Source Files</Filter>
    </ClCompile>
    <ClCompile Include="zone.cpp">
      <Filter>Source Files</Filter>
    </ClCompile>
    <ClCompile Include="constants.cpp">
      <Filter>Source Files</Filter>
    </ClCompile>
  </ItemGroup>
  <ItemGroup>
    <ClInclude Include="window.h">
      <Filter>Header Files</Filter>
    </ClInclude>
    <ClInclude Include="stb_image.h">
      <Filter>Header Files</Filter>
    </ClInclude>
    <ClInclude Include="shader.h">
      <Filter>Header Files</Filter>
    </ClInclude>
    <ClInclude Include="camera.h">
      <Filter>Header Files</Filter>
    </ClInclude>
    <ClInclude Include="object.h">
      <Filter>Header Files</Filter>
    </ClInclude>
    <ClInclude Include="textureArray.h">
      <Filter>Header Files</Filter>
    </ClInclude>
    <ClInclude Include="font.h">
      <Filter>Header Files</Filter>
    </ClInclude>
    <ClInclude Include="text.h">
      <Filter>Header Files</Filter>
    </ClInclude>
    <ClInclude Include="constants.h">
      <Filter>Header Files</Filter>
    </ClInclude>
    <ClInclude Include="debug.h">
      <Filter>Header Files</Filter>
    </ClInclude>
    <ClInclude Include="utils.h">
      <Filter>Header Files</Filter>
    </ClInclude>
    <ClInclude Include="rectangle.h">
      <Filter>Header Files\shapes</Filter>
    </ClInclude>
    <ClInclude Include="shaders.h">
      <Filter>Header Files</Filter>
    </ClInclude>
    <ClInclude Include="handler.h">
      <Filter>Header Files</Filter>
    </ClInclude>
    <ClInclude Include="entity.h">
      <Filter>Header Files\entities</Filter>
    </ClInclude>
    <ClInclude Include="player.h">
      <Filter>Header Files\entities</Filter>
    </ClInclude>
    <ClInclude Include="basicBlock.h">
      <Filter>Header Files\blocks</Filter>
    </ClInclude>
    <ClInclude Include="Batch.h">
      <Filter>Header Files</Filter>
    </ClInclude>
    <ClInclude Include="initTextures.h">
      <Filter>Header Files</Filter>
    </ClInclude>
    <ClInclude Include="animation.h">
      <Filter>Header Files</Filter>
    </ClInclude>
    <ClInclude Include="input.h">
      <Filter>Header Files</Filter>
    </ClInclude>
    <ClInclude Include="includeBlocks.h">
      <Filter>Header Files\blocks</Filter>
    </ClInclude>
    <ClInclude Include="includeEntities.h">
      <Filter>Header Files\entities</Filter>
    </ClInclude>
    <ClInclude Include="map.h">
      <Filter>Header Files</Filter>
    </ClInclude>
    <ClInclude Include="zone.h">
      <Filter>Header Files</Filter>
    </ClInclude>
  </ItemGroup>
  <ItemGroup>
    <None Include="basic.frag">
      <Filter>shaders</Filter>
    </None>
    <None Include="basic.vertex">
      <Filter>shaders</Filter>
    </None>
    <None Include="char.vertex">
      <Filter>shaders</Filter>
    </None>
    <None Include="char.frag">
      <Filter>shaders</Filter>
    </None>
  </ItemGroup>
  <ItemGroup>
    <Text Include="Text.txt">
      <Filter>STRUCTURE</Filter>
    </Text>
    <Text Include="rect.geom">
      <Filter>shaders</Filter>
    </Text>
  </ItemGroup>
</Project>